
Microsoft Visual Studio Solution File, Format Version 12.00
# Visual Studio Version 16
VisualStudioVersion = 16.0.30320.27
MinimumVisualStudioVersion = 10.0.40219.1
Project("{9A19103F-16F7-4668-BE54-9A1E7A4F7556}") = "ExpressionPowerTools.Core", "..\src\ExpressionPowerTools.Core\ExpressionPowerTools.Core.csproj", "{423D2D42-E490-4316-8361-1479D1C38ED2}"
EndProject
Project("{9A19103F-16F7-4668-BE54-9A1E7A4F7556}") = "ExpressionPowerTools.Core.Tests", "..\test\ExpressionPowerTools.Core.Tests\ExpressionPowerTools.Core.Tests.csproj", "{6B9EA11C-97EB-42B5-A4CD-B258DC70E047}"
EndProject
Project("{2150E333-8FDC-42A3-9474-1A3956D46DE8}") = "Solution Items", "Solution Items", "{6DFD2966-2A38-4333-8C36-3C78B3648FFC}"
	ProjectSection(SolutionItems) = preProject
		.editorconfig = .editorconfig
		.gitignore = .gitignore
		buildtestdocs.sh = buildtestdocs.sh
		Directory.Build.props = Directory.Build.props
		LICENSE = LICENSE
		README.md = README.md
		Releases.md = Releases.md
		stylecop.json = stylecop.json
		version.json = version.json
	EndProjectSection
EndProject
Global
	GlobalSection(SolutionConfigurationPlatforms) = preSolution
		Debug|Any CPU = Debug|Any CPU
		Release|Any CPU = Release|Any CPU
	EndGlobalSection
	GlobalSection(ProjectConfigurationPlatforms) = postSolution
		{423D2D42-E490-4316-8361-1479D1C38ED2}.Debug|Any CPU.ActiveCfg = Debug|Any CPU
		{423D2D42-E490-4316-8361-1479D1C38ED2}.Debug|Any CPU.Build.0 = Debug|Any CPU
		{423D2D42-E490-4316-8361-1479D1C38ED2}.Release|Any CPU.ActiveCfg = Release|Any CPU
		{423D2D42-E490-4316-8361-1479D1C38ED2}.Release|Any CPU.Build.0 = Release|Any CPU
		{6B9EA11C-97EB-42B5-A4CD-B258DC70E047}.Debug|Any CPU.ActiveCfg = Debug|Any CPU
		{6B9EA11C-97EB-42B5-A4CD-B258DC70E047}.Debug|Any CPU.Build.0 = Debug|Any CPU
		{6B9EA11C-97EB-42B5-A4CD-B258DC70E047}.Release|Any CPU.ActiveCfg = Release|Any CPU
		{6B9EA11C-97EB-42B5-A4CD-B258DC70E047}.Release|Any CPU.Build.0 = Release|Any CPU
	EndGlobalSection
	GlobalSection(SolutionProperties) = preSolution
		HideSolutionNode = FALSE
	EndGlobalSection
	GlobalSection(NestedProjects) = preSolution
		{423D2D42-E490-4316-8361-1479D1C38ED2} = {8405940B-68E6-45E4-AD2A-670FA9C058D2}
		{6B9EA11C-97EB-42B5-A4CD-B258DC70E047} = {23234061-56D5-42AC-ADE2-C853C8078F5A}
	EndGlobalSection
	GlobalSection(ExtensibilityGlobals) = postSolution
		SolutionGuid = {53574D0B-DB50-4DA2-BD15-AACA734E2601}
	EndGlobalSection
EndGlobal
